
Microsoft Visual Studio Solution File, Format Version 12.00
# Visual Studio Version 16
VisualStudioVersion = 16.0.31729.503
MinimumVisualStudioVersion = 10.0.40219.1
Project("{9A19103F-16F7-4668-BE54-9A1E7A4F7556}") = "RetornosAssincronos", "RetornosAssincronos\RetornosAssincronos.csproj", "{0A6463FC-3736-41D7-876C-500307D76A6B}"
EndProject
Project("{2150E333-8FDC-42A3-9474-1A3956D46DE8}") = "PokemonApi", "PokemonApi", "{C4132556-0FA8-4C53-9CCA-FCA7E6B12720}"
EndProject
Project("{9A19103F-16F7-4668-BE54-9A1E7A4F7556}") = "ConsolePokemonApi", "ConsolePokemonAPI01\ConsolePokemonApi.csproj", "{E67A54D2-7794-4298-9964-1C5657EA2067}"
EndProject
Project("{9A19103F-16F7-4668-BE54-9A1E7A4F7556}") = "ConsumePokemonApi", "ConsumePokemonAPI\ConsumePokemonApi.csproj", "{42F87DFD-388A-455E-AC52-30287F4BBDC3}"
EndProject
Project("{2150E333-8FDC-42A3-9474-1A3956D46DE8}") = "Linq", "Linq", "{6814B1A3-EA2A-44C9-A33B-948F8C9F26B1}"
EndProject
Project("{9A19103F-16F7-4668-BE54-9A1E7A4F7556}") = "Joins", "Joins\Joins.csproj", "{179FD047-6048-4821-A900-4BE09C3A71B5}"
EndProject
Project("{2150E333-8FDC-42A3-9474-1A3956D46DE8}") = "Tasks", "Tasks", "{BF4BBD76-703A-43F8-A9B9-FF522486D8AE}"
EndProject
Project("{2150E333-8FDC-42A3-9474-1A3956D46DE8}") = "Basics", "Basics", "{D13350D5-D104-4B85-BFC7-2B66BEE224C2}"
EndProject
Project("{9A19103F-16F7-4668-BE54-9A1E7A4F7556}") = "BasicTests", "BasicTests\BasicTests.csproj", "{B2FE9101-3CC3-47DD-8F7D-714E0185832D}"
EndProject
Project("{2150E333-8FDC-42A3-9474-1A3956D46DE8}") = "ChatGPT", "ChatGPT", "{EFC7DF82-65B8-47B6-8246-825A8CFEC27B}"
EndProject
Project("{9A19103F-16F7-4668-BE54-9A1E7A4F7556}") = "Scire.ChatGPT", "Scire.ChatGPT\Scire.ChatGPT.csproj", "{8FF2B775-AB3E-4089-A555-B46DD8A064E8}"
EndProject
Project("{2150E333-8FDC-42A3-9474-1A3956D46DE8}") = "Asp", "Asp", "{12301DE2-E3D6-4AA7-BDD2-9C7E0B8400AE}"
EndProject
Project("{9A19103F-16F7-4668-BE54-9A1E7A4F7556}") = "WebBlazor", "WebUpdatePanel\WebBlazor.csproj", "{E70EFA73-9CD9-4EFE-97DF-9103E51CF5DE}"
EndProject
Project("{FAE04EC0-301F-11D3-BF4B-00C04F79EFBC}") = "WebAspUpdatePanel", "WebAspUpdatePanel\WebAspUpdatePanel.csproj", "{883E2EC4-D32C-4F4F-A1CE-205B8C626E27}"
EndProject
Global
	GlobalSection(SolutionConfigurationPlatforms) = preSolution
		Debug|Any CPU = Debug|Any CPU
		Release|Any CPU = Release|Any CPU
	EndGlobalSection
	GlobalSection(ProjectConfigurationPlatforms) = postSolution
		{0A6463FC-3736-41D7-876C-500307D76A6B}.Debug|Any CPU.ActiveCfg = Debug|Any CPU
		{0A6463FC-3736-41D7-876C-500307D76A6B}.Debug|Any CPU.Build.0 = Debug|Any CPU
		{0A6463FC-3736-41D7-876C-500307D76A6B}.Release|Any CPU.ActiveCfg = Release|Any CPU
		{0A6463FC-3736-41D7-876C-500307D76A6B}.Release|Any CPU.Build.0 = Release|Any CPU
		{E67A54D2-7794-4298-9964-1C5657EA2067}.Debug|Any CPU.ActiveCfg = Debug|Any CPU
		{E67A54D2-7794-4298-9964-1C5657EA2067}.Debug|Any CPU.Build.0 = Debug|Any CPU
		{E67A54D2-7794-4298-9964-1C5657EA2067}.Release|Any CPU.ActiveCfg = Release|Any CPU
		{E67A54D2-7794-4298-9964-1C5657EA2067}.Release|Any CPU.Build.0 = Release|Any CPU
		{42F87DFD-388A-455E-AC52-30287F4BBDC3}.Debug|Any CPU.ActiveCfg = Debug|Any CPU
		{42F87DFD-388A-455E-AC52-30287F4BBDC3}.Debug|Any CPU.Build.0 = Debug|Any CPU
		{42F87DFD-388A-455E-AC52-30287F4BBDC3}.Release|Any CPU.ActiveCfg = Release|Any CPU
		{42F87DFD-388A-455E-AC52-30287F4BBDC3}.Release|Any CPU.Build.0 = Release|Any CPU
		{179FD047-6048-4821-A900-4BE09C3A71B5}.Debug|Any CPU.ActiveCfg = Debug|Any CPU
		{179FD047-6048-4821-A900-4BE09C3A71B5}.Debug|Any CPU.Build.0 = Debug|Any CPU
		{179FD047-6048-4821-A900-4BE09C3A71B5}.Release|Any CPU.ActiveCfg = Release|Any CPU
		{179FD047-6048-4821-A900-4BE09C3A71B5}.Release|Any CPU.Build.0 = Release|Any CPU
		{B2FE9101-3CC3-47DD-8F7D-714E0185832D}.Debug|Any CPU.ActiveCfg = Debug|Any CPU
		{B2FE9101-3CC3-47DD-8F7D-714E0185832D}.Debug|Any CPU.Build.0 = Debug|Any CPU
		{B2FE9101-3CC3-47DD-8F7D-714E0185832D}.Release|Any CPU.ActiveCfg = Release|Any CPU
		{B2FE9101-3CC3-47DD-8F7D-714E0185832D}.Release|Any CPU.Build.0 = Release|Any CPU
		{8FF2B775-AB3E-4089-A555-B46DD8A064E8}.Debug|Any CPU.ActiveCfg = Debug|Any CPU
		{8FF2B775-AB3E-4089-A555-B46DD8A064E8}.Debug|Any CPU.Build.0 = Debug|Any CPU
		{8FF2B775-AB3E-4089-A555-B46DD8A064E8}.Release|Any CPU.ActiveCfg = Release|Any CPU
		{8FF2B775-AB3E-4089-A555-B46DD8A064E8}.Release|Any CPU.Build.0 = Release|Any CPU
		{E70EFA73-9CD9-4EFE-97DF-9103E51CF5DE}.Debug|Any CPU.ActiveCfg = Debug|Any CPU
		{E70EFA73-9CD9-4EFE-97DF-9103E51CF5DE}.Debug|Any CPU.Build.0 = Debug|Any CPU
		{E70EFA73-9CD9-4EFE-97DF-9103E51CF5DE}.Release|Any CPU.ActiveCfg = Release|Any CPU
		{E70EFA73-9CD9-4EFE-97DF-9103E51CF5DE}.Release|Any CPU.Build.0 = Release|Any CPU
		{883E2EC4-D32C-4F4F-A1CE-205B8C626E27}.Debug|Any CPU.ActiveCfg = Debug|Any CPU
		{883E2EC4-D32C-4F4F-A1CE-205B8C626E27}.Debug|Any CPU.Build.0 = Debug|Any CPU
		{883E2EC4-D32C-4F4F-A1CE-205B8C626E27}.Release|Any CPU.ActiveCfg = Release|Any CPU
		{883E2EC4-D32C-4F4F-A1CE-205B8C626E27}.Release|Any CPU.Build.0 = Release|Any CPU
	EndGlobalSection
	GlobalSection(SolutionProperties) = preSolution
		HideSolutionNode = FALSE
	EndGlobalSection
	GlobalSection(NestedProjects) = preSolution
		{0A6463FC-3736-41D7-876C-500307D76A6B} = {BF4BBD76-703A-43F8-A9B9-FF522486D8AE}
		{E67A54D2-7794-4298-9964-1C5657EA2067} = {C4132556-0FA8-4C53-9CCA-FCA7E6B12720}
		{42F87DFD-388A-455E-AC52-30287F4BBDC3} = {C4132556-0FA8-4C53-9CCA-FCA7E6B12720}
		{179FD047-6048-4821-A900-4BE09C3A71B5} = {6814B1A3-EA2A-44C9-A33B-948F8C9F26B1}
		{B2FE9101-3CC3-47DD-8F7D-714E0185832D} = {D13350D5-D104-4B85-BFC7-2B66BEE224C2}
		{8FF2B775-AB3E-4089-A555-B46DD8A064E8} = {EFC7DF82-65B8-47B6-8246-825A8CFEC27B}
		{E70EFA73-9CD9-4EFE-97DF-9103E51CF5DE} = {12301DE2-E3D6-4AA7-BDD2-9C7E0B8400AE}
		{883E2EC4-D32C-4F4F-A1CE-205B8C626E27} = {12301DE2-E3D6-4AA7-BDD2-9C7E0B8400AE}
	EndGlobalSection
	GlobalSection(ExtensibilityGlobals) = postSolution
		SolutionGuid = {B74CE7DB-076C-4E3F-9730-A2F0A5943653}
	EndGlobalSection
EndGlobal
