
Microsoft Visual Studio Solution File, Format Version 12.00
# Visual Studio Version 17
VisualStudioVersion = 17.3.32611.2
MinimumVisualStudioVersion = 10.0.40219.1
Project("{9A19103F-16F7-4668-BE54-9A1E7A4F7556}") = "RetornosAssincronos", "RetornosAssincronos\RetornosAssincronos.csproj", "{0A6463FC-3736-41D7-876C-500307D76A6B}"
EndProject
Project("{2150E333-8FDC-42A3-9474-1A3956D46DE8}") = "PokemonApi", "PokemonApi", "{C4132556-0FA8-4C53-9CCA-FCA7E6B12720}"
EndProject
Project("{9A19103F-16F7-4668-BE54-9A1E7A4F7556}") = "ConsolePokemonApi", "ConsolePokemonAPI01\ConsolePokemonApi.csproj", "{E67A54D2-7794-4298-9964-1C5657EA2067}"
EndProject
Project("{9A19103F-16F7-4668-BE54-9A1E7A4F7556}") = "ConsumePokemonApi", "ConsumePokemonAPI\ConsumePokemonApi.csproj", "{42F87DFD-388A-455E-AC52-30287F4BBDC3}"
EndProject
Global
	GlobalSection(SolutionConfigurationPlatforms) = preSolution
		Debug|Any CPU = Debug|Any CPU
		Release|Any CPU = Release|Any CPU
	EndGlobalSection
	GlobalSection(ProjectConfigurationPlatforms) = postSolution
		{0A6463FC-3736-41D7-876C-500307D76A6B}.Debug|Any CPU.ActiveCfg = Debug|Any CPU
		{0A6463FC-3736-41D7-876C-500307D76A6B}.Debug|Any CPU.Build.0 = Debug|Any CPU
		{0A6463FC-3736-41D7-876C-500307D76A6B}.Release|Any CPU.ActiveCfg = Release|Any CPU
		{0A6463FC-3736-41D7-876C-500307D76A6B}.Release|Any CPU.Build.0 = Release|Any CPU
		{E67A54D2-7794-4298-9964-1C5657EA2067}.Debug|Any CPU.ActiveCfg = Debug|Any CPU
		{E67A54D2-7794-4298-9964-1C5657EA2067}.Debug|Any CPU.Build.0 = Debug|Any CPU
		{E67A54D2-7794-4298-9964-1C5657EA2067}.Release|Any CPU.ActiveCfg = Release|Any CPU
		{E67A54D2-7794-4298-9964-1C5657EA2067}.Release|Any CPU.Build.0 = Release|Any CPU
		{42F87DFD-388A-455E-AC52-30287F4BBDC3}.Debug|Any CPU.ActiveCfg = Debug|Any CPU
		{42F87DFD-388A-455E-AC52-30287F4BBDC3}.Debug|Any CPU.Build.0 = Debug|Any CPU
		{42F87DFD-388A-455E-AC52-30287F4BBDC3}.Release|Any CPU.ActiveCfg = Release|Any CPU
		{42F87DFD-388A-455E-AC52-30287F4BBDC3}.Release|Any CPU.Build.0 = Release|Any CPU
	EndGlobalSection
	GlobalSection(SolutionProperties) = preSolution
		HideSolutionNode = FALSE
	EndGlobalSection
	GlobalSection(NestedProjects) = preSolution
		{E67A54D2-7794-4298-9964-1C5657EA2067} = {C4132556-0FA8-4C53-9CCA-FCA7E6B12720}
		{42F87DFD-388A-455E-AC52-30287F4BBDC3} = {C4132556-0FA8-4C53-9CCA-FCA7E6B12720}
	EndGlobalSection
	GlobalSection(ExtensibilityGlobals) = postSolution
		SolutionGuid = {B74CE7DB-076C-4E3F-9730-A2F0A5943653}
	EndGlobalSection
EndGlobal
